// !$*UTF8*$!
{
	archiveVersion = 1;
	classes = {
	};
	objectVersion = 46;
	objects = {

/* Begin PBXBuildFile section */
		0029FA50F1250CEEBF145327 /* Pods_CodePath_Lab1_Thumblr.framework in Frameworks */ = {isa = PBXBuildFile; fileRef = 264EE212EACDA863133B1F86 /* Pods_CodePath_Lab1_Thumblr.framework */; };
		98EFB0071E3D1A3900629289 /* AppDelegate.swift in Sources */ = {isa = PBXBuildFile; fileRef = 98EFB0061E3D1A3900629289 /* AppDelegate.swift */; };
		98EFB0091E3D1A3900629289 /* PhotosViewController.swift in Sources */ = {isa = PBXBuildFile; fileRef = 98EFB0081E3D1A3900629289 /* PhotosViewController.swift */; };
		98EFB00C1E3D1A3900629289 /* Main.storyboard in Resources */ = {isa = PBXBuildFile; fileRef = 98EFB00A1E3D1A3900629289 /* Main.storyboard */; };
		98EFB00E1E3D1A3900629289 /* Assets.xcassets in Resources */ = {isa = PBXBuildFile; fileRef = 98EFB00D1E3D1A3900629289 /* Assets.xcassets */; };
		98EFB0111E3D1A3900629289 /* LaunchScreen.storyboard in Resources */ = {isa = PBXBuildFile; fileRef = 98EFB00F1E3D1A3900629289 /* LaunchScreen.storyboard */; };
		98EFB0191E3D240800629289 /* PhotoCellTableViewCell.swift in Sources */ = {isa = PBXBuildFile; fileRef = 98EFB0181E3D240800629289 /* PhotoCellTableViewCell.swift */; };
/* End PBXBuildFile section */

/* Begin PBXFileReference section */
		264EE212EACDA863133B1F86 /* Pods_CodePath_Lab1_Thumblr.framework */ = {isa = PBXFileReference; explicitFileType = wrapper.framework; includeInIndex = 0; path = Pods_CodePath_Lab1_Thumblr.framework; sourceTree = BUILT_PRODUCTS_DIR; };
		98EFB0031E3D1A3900629289 /* CodePath-Lab1-Thumblr.app */ = {isa = PBXFileReference; explicitFileType = wrapper.application; includeInIndex = 0; path = "CodePath-Lab1-Thumblr.app"; sourceTree = BUILT_PRODUCTS_DIR; };
		98EFB0061E3D1A3900629289 /* AppDelegate.swift */ = {isa = PBXFileReference; lastKnownFileType = sourcecode.swift; path = AppDelegate.swift; sourceTree = "<group>"; };
		98EFB0081E3D1A3900629289 /* PhotosViewController.swift */ = {isa = PBXFileReference; lastKnownFileType = sourcecode.swift; path = PhotosViewController.swift; sourceTree = "<group>"; };
		98EFB00B1E3D1A3900629289 /* Base */ = {isa = PBXFileReference; lastKnownFileType = file.storyboard; name = Base; path = Base.lproj/Main.storyboard; sourceTree = "<group>"; };
		98EFB00D1E3D1A3900629289 /* Assets.xcassets */ = {isa = PBXFileReference; lastKnownFileType = folder.assetcatalog; path = Assets.xcassets; sourceTree = "<group>"; };
		98EFB0101E3D1A3900629289 /* Base */ = {isa = PBXFileReference; lastKnownFileType = file.storyboard; name = Base; path = Base.lproj/LaunchScreen.storyboard; sourceTree = "<group>"; };
		98EFB0121E3D1A3900629289 /* Info.plist */ = {isa = PBXFileReference; lastKnownFileType = text.plist.xml; path = Info.plist; sourceTree = "<group>"; };
		98EFB0181E3D240800629289 /* PhotoCellTableViewCell.swift */ = {isa = PBXFileReference; fileEncoding = 4; lastKnownFileType = sourcecode.swift; path = PhotoCellTableViewCell.swift; sourceTree = "<group>"; };
		AF357BE6F217793BC63DD138 /* Pods-CodePath-Lab1-Thumblr.release.xcconfig */ = {isa = PBXFileReference; includeInIndex = 1; lastKnownFileType = text.xcconfig; name = "Pods-CodePath-Lab1-Thumblr.release.xcconfig"; path = "Pods/Target Support Files/Pods-CodePath-Lab1-Thumblr/Pods-CodePath-Lab1-Thumblr.release.xcconfig"; sourceTree = "<group>"; };
		F299EA7DDEC552D3B7D8DB36 /* Pods-CodePath-Lab1-Thumblr.debug.xcconfig */ = {isa = PBXFileReference; includeInIndex = 1; lastKnownFileType = text.xcconfig; name = "Pods-CodePath-Lab1-Thumblr.debug.xcconfig"; path = "Pods/Target Support Files/Pods-CodePath-Lab1-Thumblr/Pods-CodePath-Lab1-Thumblr.debug.xcconfig"; sourceTree = "<group>"; };
/* End PBXFileReference section */

/* Begin PBXFrameworksBuildPhase section */
		98EFB0001E3D1A3900629289 /* Frameworks */ = {
			isa = PBXFrameworksBuildPhase;
			buildActionMask = 2147483647;
			files = (
				0029FA50F1250CEEBF145327 /* Pods_CodePath_Lab1_Thumblr.framework in Frameworks */,
			);
			runOnlyForDeploymentPostprocessing = 0;
		};
/* End PBXFrameworksBuildPhase section */

/* Begin PBXGroup section */
		9321A38F863FBD30D0E0DA8E /* Pods */ = {
			isa = PBXGroup;
			children = (
				F299EA7DDEC552D3B7D8DB36 /* Pods-CodePath-Lab1-Thumblr.debug.xcconfig */,
				AF357BE6F217793BC63DD138 /* Pods-CodePath-Lab1-Thumblr.release.xcconfig */,
			);
			name = Pods;
			sourceTree = "<group>";
		};
		98EFAFFA1E3D1A3900629289 = {
			isa = PBXGroup;
			children = (
				98EFB0051E3D1A3900629289 /* CodePath-Lab1-Thumblr */,
				98EFB0041E3D1A3900629289 /* Products */,
				9321A38F863FBD30D0E0DA8E /* Pods */,
				AFA55F8814EE16C3989D35EF /* Frameworks */,
			);
			sourceTree = "<group>";
		};
		98EFB0041E3D1A3900629289 /* Products */ = {
			isa = PBXGroup;
			children = (
				98EFB0031E3D1A3900629289 /* CodePath-Lab1-Thumblr.app */,
			);
			name = Products;
			sourceTree = "<group>";
		};
		98EFB0051E3D1A3900629289 /* CodePath-Lab1-Thumblr */ = {
			isa = PBXGroup;
			children = (
				98EFB0061E3D1A3900629289 /* AppDelegate.swift */,
				98EFB0081E3D1A3900629289 /* PhotosViewController.swift */,
				98EFB0181E3D240800629289 /* PhotoCellTableViewCell.swift */,
				98EFB00A1E3D1A3900629289 /* Main.storyboard */,
				98EFB00D1E3D1A3900629289 /* Assets.xcassets */,
				98EFB00F1E3D1A3900629289 /* LaunchScreen.storyboard */,
				98EFB0121E3D1A3900629289 /* Info.plist */,
			);
			path = "CodePath-Lab1-Thumblr";
			sourceTree = "<group>";
		};
		AFA55F8814EE16C3989D35EF /* Frameworks */ = {
			isa = PBXGroup;
			children = (
				264EE212EACDA863133B1F86 /* Pods_CodePath_Lab1_Thumblr.framework */,
			);
			name = Frameworks;
			sourceTree = "<group>";
		};
/* End PBXGroup section */

/* Begin PBXNativeTarget section */
		98EFB0021E3D1A3900629289 /* CodePath-Lab1-Thumblr */ = {
			isa = PBXNativeTarget;
			buildConfigurationList = 98EFB0151E3D1A3900629289 /* Build configuration list for PBXNativeTarget "CodePath-Lab1-Thumblr" */;
			buildPhases = (
				1FE7B7223799152E2BF160C1 /* [CP] Check Pods Manifest.lock */,
				98EFAFFF1E3D1A3900629289 /* Sources */,
				98EFB0001E3D1A3900629289 /* Frameworks */,
				98EFB0011E3D1A3900629289 /* Resources */,
				0BC45ED002D281976CB57817 /* [CP] Embed Pods Frameworks */,
				350B5A37AEB56C0421C13289 /* [CP] Copy Pods Resources */,
			);
			buildRules = (
			);
			dependencies = (
			);
			name = "CodePath-Lab1-Thumblr";
			productName = "CodePath-Lab1-Thumblr";
			productReference = 98EFB0031E3D1A3900629289 /* CodePath-Lab1-Thumblr.app */;
			productType = "com.apple.product-type.application";
		};
/* End PBXNativeTarget section */

/* Begin PBXProject section */
		98EFAFFB1E3D1A3900629289 /* Project object */ = {
			isa = PBXProject;
			attributes = {
				LastSwiftUpdateCheck = 0820;
				LastUpgradeCheck = 0820;
				ORGANIZATIONNAME = "___KesongXie___";
				TargetAttributes = {
					98EFB0021E3D1A3900629289 = {
						CreatedOnToolsVersion = 8.2;
						DevelopmentTeam = 2ATYTS9SNC;
						ProvisioningStyle = Automatic;
					};
				};
			};
			buildConfigurationList = 98EFAFFE1E3D1A3900629289 /* Build configuration list for PBXProject "CodePath-Lab1-Thumblr" */;
			compatibilityVersion = "Xcode 3.2";
			developmentRegion = English;
			hasScannedForEncodings = 0;
			knownRegions = (
				en,
				Base,
			);
			mainGroup = 98EFAFFA1E3D1A3900629289;
			productRefGroup = 98EFB0041E3D1A3900629289 /* Products */;
			projectDirPath = "";
			projectRoot = "";
			targets = (
				98EFB0021E3D1A3900629289 /* CodePath-Lab1-Thumblr */,
			);
		};
/* End PBXProject section */

/* Begin PBXResourcesBuildPhase section */
		98EFB0011E3D1A3900629289 /* Resources */ = {
			isa = PBXResourcesBuildPhase;
			buildActionMask = 2147483647;
			files = (
				98EFB0111E3D1A3900629289 /* LaunchScreen.storyboard in Resources */,
				98EFB00E1E3D1A3900629289 /* Assets.xcassets in Resources */,
				98EFB00C1E3D1A3900629289 /* Main.storyboard in Resources */,
			);
			runOnlyForDeploymentPostprocessing = 0;
		};
/* End PBXResourcesBuildPhase section */

/* Begin PBXShellScriptBuildPhase section */
		0BC45ED002D281976CB57817 /* [CP] Embed Pods Frameworks */ = {
			isa = PBXShellScriptBuildPhase;
			buildActionMask = 2147483647;
			files = (
			);
			inputPaths = (
			);
			name = "[CP] Embed Pods Frameworks";
			outputPaths = (
			);
			runOnlyForDeploymentPostprocessing = 0;
			shellPath = /bin/sh;
			shellScript = "\"${SRCROOT}/Pods/Target Support Files/Pods-CodePath-Lab1-Thumblr/Pods-CodePath-Lab1-Thumblr-frameworks.sh\"\n";
			showEnvVarsInLog = 0;
		};
		1FE7B7223799152E2BF160C1 /* [CP] Check Pods Manifest.lock */ = {
			isa = PBXShellScriptBuildPhase;
			buildActionMask = 2147483647;
			files = (
			);
			inputPaths = (
			);
			name = "[CP] Check Pods Manifest.lock";
			outputPaths = (
			);
			runOnlyForDeploymentPostprocessing = 0;
			shellPath = /bin/sh;
			shellScript = "diff \"${PODS_ROOT}/../Podfile.lock\" \"${PODS_ROOT}/Manifest.lock\" > /dev/null\nif [[ $? != 0 ]] ; then\n    cat << EOM\nerror: The sandbox is not in sync with the Podfile.lock. Run 'pod install' or update your CocoaPods installation.\nEOM\n    exit 1\nfi\n";
			showEnvVarsInLog = 0;
		};
		350B5A37AEB56C0421C13289 /* [CP] Copy Pods Resources */ = {
			isa = PBXShellScriptBuildPhase;
			buildActionMask = 2147483647;
			files = (
			);
			inputPaths = (
			);
			name = "[CP] Copy Pods Resources";
			outputPaths = (
			);
			runOnlyForDeploymentPostprocessing = 0;
			shellPath = /bin/sh;
			shellScript = "\"${SRCROOT}/Pods/Target Support Files/Pods-CodePath-Lab1-Thumblr/Pods-CodePath-Lab1-Thumblr-resources.sh\"\n";
			showEnvVarsInLog = 0;
		};
/* End PBXShellScriptBuildPhase section */

/* Begin PBXSourcesBuildPhase section */
		98EFAFFF1E3D1A3900629289 /* Sources */ = {
			isa = PBXSourcesBuildPhase;
			buildActionMask = 2147483647;
			files = (
				98EFB0091E3D1A3900629289 /* PhotosViewController.swift in Sources */,
				98EFB0191E3D240800629289 /* PhotoCellTableViewCell.swift in Sources */,
				98EFB0071E3D1A3900629289 /* AppDelegate.swift in Sources */,
			);
			runOnlyForDeploymentPostprocessing = 0;
		};
/* End PBXSourcesBuildPhase section */

/* Begin PBXVariantGroup section */
		98EFB00A1E3D1A3900629289 /* Main.storyboard */ = {
			isa = PBXVariantGroup;
			children = (
				98EFB00B1E3D1A3900629289 /* Base */,
			);
			name = Main.storyboard;
			sourceTree = "<group>";
		};
		98EFB00F1E3D1A3900629289 /* LaunchScreen.storyboard */ = {
			isa = PBXVariantGroup;
			children = (
				98EFB0101E3D1A3900629289 /* Base */,
			);
			name = LaunchScreen.storyboard;
			sourceTree = "<group>";
		};
/* End PBXVariantGroup section */

/* Begin XCBuildConfiguration section */
		98EFB0131E3D1A3900629289 /* Debug */ = {
			isa = XCBuildConfiguration;
			buildSettings = {
				ALWAYS_SEARCH_USER_PATHS = NO;
				CLANG_ANALYZER_NONNULL = YES;
				CLANG_CXX_LANGUAGE_STANDARD = "gnu++0x";
				CLANG_CXX_LIBRARY = "libc++";
				CLANG_ENABLE_MODULES = YES;
				CLANG_ENABLE_OBJC_ARC = YES;
				CLANG_WARN_BOOL_CONVERSION = YES;
				CLANG_WARN_CONSTANT_CONVERSION = YES;
				CLANG_WARN_DIRECT_OBJC_ISA_USAGE = YES_ERROR;
				CLANG_WARN_DOCUMENTATION_COMMENTS = YES;
				CLANG_WARN_EMPTY_BODY = YES;
				CLANG_WARN_ENUM_CONVERSION = YES;
				CLANG_WARN_INFINITE_RECURSION = YES;
				CLANG_WARN_INT_CONVERSION = YES;
				CLANG_WARN_OBJC_ROOT_CLASS = YES_ERROR;
				CLANG_WARN_SUSPICIOUS_MOVE = YES;
				CLANG_WARN_UNREACHABLE_CODE = YES;
				CLANG_WARN__DUPLICATE_METHOD_MATCH = YES;
				"CODE_SIGN_IDENTITY[sdk=iphoneos*]" = "iPhone Developer";
				COPY_PHASE_STRIP = NO;
				DEBUG_INFORMATION_FORMAT = dwarf;
				ENABLE_STRICT_OBJC_MSGSEND = YES;
				ENABLE_TESTABILITY = YES;
				GCC_C_LANGUAGE_STANDARD = gnu99;
				GCC_DYNAMIC_NO_PIC = NO;
				GCC_NO_COMMON_BLOCKS = YES;
				GCC_OPTIMIZATION_LEVEL = 0;
				GCC_PREPROCESSOR_DEFINITIONS = (
					"DEBUG=1",
					"$(inherited)",
				);
				GCC_WARN_64_TO_32_BIT_CONVERSION = YES;
				GCC_WARN_ABOUT_RETURN_TYPE = YES_ERROR;
				GCC_WARN_UNDECLARED_SELECTOR = YES;
				GCC_WARN_UNINITIALIZED_AUTOS = YES_AGGRESSIVE;
				GCC_WARN_UNUSED_FUNCTION = YES;
				GCC_WARN_UNUSED_VARIABLE = YES;
				IPHONEOS_DEPLOYMENT_TARGET = 10.2;
				MTL_ENABLE_DEBUG_INFO = YES;
				ONLY_ACTIVE_ARCH = YES;
				SDKROOT = iphoneos;
				SWIFT_ACTIVE_COMPILATION_CONDITIONS = DEBUG;
				SWIFT_OPTIMIZATION_LEVEL = "-Onone";
			};
			name = Debug;
		};
		98EFB0141E3D1A3900629289 /* Release */ = {
			isa = XCBuildConfiguration;
			buildSettings = {
				ALWAYS_SEARCH_USER_PATHS = NO;
				CLANG_ANALYZER_NONNULL = YES;
				CLANG_CXX_LANGUAGE_STANDARD = "gnu++0x";
				CLANG_CXX_LIBRARY = "libc++";
				CLANG_ENABLE_MODULES = YES;
				CLANG_ENABLE_OBJC_ARC = YES;
				CLANG_WARN_BOOL_CONVERSION = YES;
				CLANG_WARN_CONSTANT_CONVERSION = YES;
				CLANG_WARN_DIRECT_OBJC_ISA_USAGE = YES_ERROR;
				CLANG_WARN_DOCUMENTATION_COMMENTS = YES;
				CLANG_WARN_EMPTY_BODY = YES;
				CLANG_WARN_ENUM_CONVERSION = YES;
				CLANG_WARN_INFINITE_RECURSION = YES;
				CLANG_WARN_INT_CONVERSION = YES;
				CLANG_WARN_OBJC_ROOT_CLASS = YES_ERROR;
				CLANG_WARN_SUSPICIOUS_MOVE = YES;
				CLANG_WARN_UNREACHABLE_CODE = YES;
				CLANG_WARN__DUPLICATE_METHOD_MATCH = YES;
				"CODE_SIGN_IDENTITY[sdk=iphoneos*]" = "iPhone Developer";
				COPY_PHASE_STRIP = NO;
				DEBUG_INFORMATION_FORMAT = "dwarf-with-dsym";
				ENABLE_NS_ASSERTIONS = NO;
				ENABLE_STRICT_OBJC_MSGSEND = YES;
				GCC_C_LANGUAGE_STANDARD = gnu99;
				GCC_NO_COMMON_BLOCKS = YES;
				GCC_WARN_64_TO_32_BIT_CONVERSION = YES;
				GCC_WARN_ABOUT_RETURN_TYPE = YES_ERROR;
				GCC_WARN_UNDECLARED_SELECTOR = YES;
				GCC_WARN_UNINITIALIZED_AUTOS = YES_AGGRESSIVE;
				GCC_WARN_UNUSED_FUNCTION = YES;
				GCC_WARN_UNUSED_VARIABLE = YES;
				IPHONEOS_DEPLOYMENT_TARGET = 10.2;
				MTL_ENABLE_DEBUG_INFO = NO;
				SDKROOT = iphoneos;
				SWIFT_OPTIMIZATION_LEVEL = "-Owholemodule";
				VALIDATE_PRODUCT = YES;
			};
			name = Release;
		};
		98EFB0161E3D1A3900629289 /* Debug */ = {
			isa = XCBuildConfiguration;
			baseConfigurationReference = F299EA7DDEC552D3B7D8DB36 /* Pods-CodePath-Lab1-Thumblr.debug.xcconfig */;
			buildSettings = {
				ASSETCATALOG_COMPILER_APPICON_NAME = AppIcon;
				DEVELOPMENT_TEAM = 2ATYTS9SNC;
				INFOPLIST_FILE = "CodePath-Lab1-Thumblr/Info.plist";
				LD_RUNPATH_SEARCH_PATHS = "$(inherited) @executable_path/Frameworks";
				PRODUCT_BUNDLE_IDENTIFIER = "com.kesongxie.CodePath-Lab1-Thumblr";
				PRODUCT_NAME = "$(TARGET_NAME)";
				SWIFT_VERSION = 3.0;
				TARGETED_DEVICE_FAMILY = 1;
			};
			name = Debug;
		};
		98EFB0171E3D1A3900629289 /* Release */ = {
			isa = XCBuildConfiguration;
			baseConfigurationReference = AF357BE6F217793BC63DD138 /* Pods-CodePath-Lab1-Thumblr.release.xcconfig */;
			buildSettings = {
				ASSETCATALOG_COMPILER_APPICON_NAME = AppIcon;
				DEVELOPMENT_TEAM = 2ATYTS9SNC;
				INFOPLIST_FILE = "CodePath-Lab1-Thumblr/Info.plist";
				LD_RUNPATH_SEARCH_PATHS = "$(inherited) @executable_path/Frameworks";
				PRODUCT_BUNDLE_IDENTIFIER = "com.kesongxie.CodePath-Lab1-Thumblr";
				PRODUCT_NAME = "$(TARGET_NAME)";
				SWIFT_VERSION = 3.0;
				TARGETED_DEVICE_FAMILY = 1;
			};
			name = Release;
		};
/* End XCBuildConfiguration section */

/* Begin XCConfigurationList section */
		98EFAFFE1E3D1A3900629289 /* Build configuration list for PBXProject "CodePath-Lab1-Thumblr" */ = {
			isa = XCConfigurationList;
			buildConfigurations = (
				98EFB0131E3D1A3900629289 /* Debug */,
				98EFB0141E3D1A3900629289 /* Release */,
			);
			defaultConfigurationIsVisible = 0;
			defaultConfigurationName = Release;
		};
		98EFB0151E3D1A3900629289 /* Build configuration list for PBXNativeTarget "CodePath-Lab1-Thumblr" */ = {
			isa = XCConfigurationList;
			buildConfigurations = (
				98EFB0161E3D1A3900629289 /* Debug */,
				98EFB0171E3D1A3900629289 /* Release */,
			);
			defaultConfigurationIsVisible = 0;
			defaultConfigurationName = Release;
		};
/* End XCConfigurationList section */
	};
	rootObject = 98EFAFFB1E3D1A3900629289 /* Project object */;
}
